
Microsoft Visual Studio Solution File, Format Version 12.00
# Visual Studio Version 16
VisualStudioVersion = 16.0.31005.135
MinimumVisualStudioVersion = 10.0.40219.1
Project("{FAE04EC0-301F-11D3-BF4B-00C04F79EFBC}") = "Flappy_Bird", "Flappy_Bird\Flappy_Bird.csproj", "{9AFCB55C-9C38-4A66-A84E-D9C591BDB4E2}"
EndProject
Global
	GlobalSection(SolutionConfigurationPlatforms) = preSolution
		Debug|Any CPU = Debug|Any CPU
		Release|Any CPU = Release|Any CPU
	EndGlobalSection
	GlobalSection(ProjectConfigurationPlatforms) = postSolution
		{9AFCB55C-9C38-4A66-A84E-D9C591BDB4E2}.Debug|Any CPU.ActiveCfg = Debug|Any CPU
		{9AFCB55C-9C38-4A66-A84E-D9C591BDB4E2}.Debug|Any CPU.Build.0 = Debug|Any CPU
		{9AFCB55C-9C38-4A66-A84E-D9C591BDB4E2}.Release|Any CPU.ActiveCfg = Release|Any CPU
		{9AFCB55C-9C38-4A66-A84E-D9C591BDB4E2}.Release|Any CPU.Build.0 = Release|Any CPU
	EndGlobalSection
	GlobalSection(SolutionProperties) = preSolution
		HideSolutionNode = FALSE
	EndGlobalSection
	GlobalSection(ExtensibilityGlobals) = postSolution
		SolutionGuid = {4BEF6BBF-A027-4A5F-AD6C-9965C351A696}
	EndGlobalSection
EndGlobal
